
Microsoft Visual Studio Solution File, Format Version 12.00
# Visual Studio 14
VisualStudioVersion = 14.0.25420.1
MinimumVisualStudioVersion = 10.0.40219.1
Project("{FAE04EC0-301F-11D3-BF4B-00C04F79EFBC}") = "DataBaseSetupper", "DataBaseSetupper\DataBaseSetupper.csproj", "{9E706250-8913-4BFF-A98E-1992FA6A6225}"
EndProject
Project("{FAE04EC0-301F-11D3-BF4B-00C04F79EFBC}") = "Models", "Models\Models.csproj", "{FF037C68-6176-4B3E-BA79-C825535EA556}"
EndProject
Project("{FAE04EC0-301F-11D3-BF4B-00C04F79EFBC}") = "UnitTestRepos", "UnitTestRepos\UnitTestRepos.csproj", "{453B5E3E-4F67-4D98-AD28-870C9EAA0CC2}"
EndProject
Global
	GlobalSection(SolutionConfigurationPlatforms) = preSolution
		Debug|Any CPU = Debug|Any CPU
		Release|Any CPU = Release|Any CPU
	EndGlobalSection
	GlobalSection(ProjectConfigurationPlatforms) = postSolution
		{9E706250-8913-4BFF-A98E-1992FA6A6225}.Debug|Any CPU.ActiveCfg = Debug|Any CPU
		{9E706250-8913-4BFF-A98E-1992FA6A6225}.Debug|Any CPU.Build.0 = Debug|Any CPU
		{9E706250-8913-4BFF-A98E-1992FA6A6225}.Release|Any CPU.ActiveCfg = Release|Any CPU
		{9E706250-8913-4BFF-A98E-1992FA6A6225}.Release|Any CPU.Build.0 = Release|Any CPU
		{FF037C68-6176-4B3E-BA79-C825535EA556}.Debug|Any CPU.ActiveCfg = Debug|Any CPU
		{FF037C68-6176-4B3E-BA79-C825535EA556}.Debug|Any CPU.Build.0 = Debug|Any CPU
		{FF037C68-6176-4B3E-BA79-C825535EA556}.Release|Any CPU.ActiveCfg = Release|Any CPU
		{FF037C68-6176-4B3E-BA79-C825535EA556}.Release|Any CPU.Build.0 = Release|Any CPU
		{453B5E3E-4F67-4D98-AD28-870C9EAA0CC2}.Debug|Any CPU.ActiveCfg = Debug|Any CPU
		{453B5E3E-4F67-4D98-AD28-870C9EAA0CC2}.Debug|Any CPU.Build.0 = Debug|Any CPU
		{453B5E3E-4F67-4D98-AD28-870C9EAA0CC2}.Release|Any CPU.ActiveCfg = Release|Any CPU
		{453B5E3E-4F67-4D98-AD28-870C9EAA0CC2}.Release|Any CPU.Build.0 = Release|Any CPU
	EndGlobalSection
	GlobalSection(SolutionProperties) = preSolution
		HideSolutionNode = FALSE
	EndGlobalSection
EndGlobal
